
Microsoft Visual Studio Solution File, Format Version 12.00
# Visual Studio 2012
Project("{FAE04EC0-301F-11D3-BF4B-00C04F79EFBC}") = "SendingEmail", "SendingEmail\SendingEmail.csproj", "{343A4770-4B94-4B42-BE8D-E810A738B4C9}"
EndProject
Global
	GlobalSection(SolutionConfigurationPlatforms) = preSolution
		Debug|Any CPU = Debug|Any CPU
		Release|Any CPU = Release|Any CPU
	EndGlobalSection
	GlobalSection(ProjectConfigurationPlatforms) = postSolution
		{343A4770-4B94-4B42-BE8D-E810A738B4C9}.Debug|Any CPU.ActiveCfg = Debug|Any CPU
		{343A4770-4B94-4B42-BE8D-E810A738B4C9}.Debug|Any CPU.Build.0 = Debug|Any CPU
		{343A4770-4B94-4B42-BE8D-E810A738B4C9}.Release|Any CPU.ActiveCfg = Release|Any CPU
		{343A4770-4B94-4B42-BE8D-E810A738B4C9}.Release|Any CPU.Build.0 = Release|Any CPU
	EndGlobalSection
	GlobalSection(SolutionProperties) = preSolution
		HideSolutionNode = FALSE
	EndGlobalSection
EndGlobal
